
Microsoft Visual Studio Solution File, Format Version 12.00
# Visual Studio Version 17
VisualStudioVersion = 17.0.31903.59
MinimumVisualStudioVersion = 10.0.40219.1
Project("{FAE04EC0-301F-11D3-BF4B-00C04F79EFBC}") = "API", "API\API.csproj", "{269B296B-D446-42F2-9436-494BBBC5E203}"
EndProject
Project("{FAE04EC0-301F-11D3-BF4B-00C04F79EFBC}") = "Core", "Core\Core.csproj", "{10963337-71A8-4F00-A31E-66EE58CF069F}"
EndProject
Project("{FAE04EC0-301F-11D3-BF4B-00C04F79EFBC}") = "Infrastructure", "Infrastructure\Infrastructure.csproj", "{6F4DB5A9-DAEE-4EE2-89E9-DC9F9C9B0A5B}"
EndProject
Global
	GlobalSection(SolutionConfigurationPlatforms) = preSolution
		Debug|Any CPU = Debug|Any CPU
		Release|Any CPU = Release|Any CPU
	EndGlobalSection
	GlobalSection(SolutionProperties) = preSolution
		HideSolutionNode = FALSE
	EndGlobalSection
	GlobalSection(ProjectConfigurationPlatforms) = postSolution
		{269B296B-D446-42F2-9436-494BBBC5E203}.Debug|Any CPU.ActiveCfg = Debug|Any CPU
		{269B296B-D446-42F2-9436-494BBBC5E203}.Debug|Any CPU.Build.0 = Debug|Any CPU
		{269B296B-D446-42F2-9436-494BBBC5E203}.Release|Any CPU.ActiveCfg = Release|Any CPU
		{269B296B-D446-42F2-9436-494BBBC5E203}.Release|Any CPU.Build.0 = Release|Any CPU
		{10963337-71A8-4F00-A31E-66EE58CF069F}.Debug|Any CPU.ActiveCfg = Debug|Any CPU
		{10963337-71A8-4F00-A31E-66EE58CF069F}.Debug|Any CPU.Build.0 = Debug|Any CPU
		{10963337-71A8-4F00-A31E-66EE58CF069F}.Release|Any CPU.ActiveCfg = Release|Any CPU
		{10963337-71A8-4F00-A31E-66EE58CF069F}.Release|Any CPU.Build.0 = Release|Any CPU
		{6F4DB5A9-DAEE-4EE2-89E9-DC9F9C9B0A5B}.Debug|Any CPU.ActiveCfg = Debug|Any CPU
		{6F4DB5A9-DAEE-4EE2-89E9-DC9F9C9B0A5B}.Debug|Any CPU.Build.0 = Debug|Any CPU
		{6F4DB5A9-DAEE-4EE2-89E9-DC9F9C9B0A5B}.Release|Any CPU.ActiveCfg = Release|Any CPU
		{6F4DB5A9-DAEE-4EE2-89E9-DC9F9C9B0A5B}.Release|Any CPU.Build.0 = Release|Any CPU
	EndGlobalSection
EndGlobal
